
Microsoft Visual Studio Solution File, Format Version 12.00
# Visual Studio Version 17
VisualStudioVersion = 17.5.002.0
MinimumVisualStudioVersion = 10.0.40219.1
Project("{2150E333-8FDC-42A3-9474-1A3956D46DE8}") = "csharp-prep", "csharp-prep", "{C4FAF0ED-D4D4-4D75-B76C-6378417DAFE0}"
EndProject
Project("{9A19103F-16F7-4668-BE54-9A1E7A4F7556}") = "Prep1", "csharp-prep\Prep1\Prep1.csproj", "{E0389D22-04D5-464E-B1B7-9E9B0EA6F552}"
EndProject
Project("{9A19103F-16F7-4668-BE54-9A1E7A4F7556}") = "Prep2", "csharp-prep\Prep2\Prep2.csproj", "{5709D59F-F237-43ED-823D-4121D64871B1}"
EndProject
Project("{9A19103F-16F7-4668-BE54-9A1E7A4F7556}") = "Prep3", "csharp-prep\Prep3\Prep3.csproj", "{1E230A6A-A13E-4232-8483-CD44BBEFFBAC}"
EndProject
Project("{9A19103F-16F7-4668-BE54-9A1E7A4F7556}") = "Prep4", "csharp-prep\Prep4\Prep4.csproj", "{36C8046B-7644-462A-B2F5-73286B3EB429}"
EndProject
Project("{9A19103F-16F7-4668-BE54-9A1E7A4F7556}") = "Prep5", "csharp-prep\Prep5\Prep5.csproj", "{5FDAEFCF-4D49-4E52-AC31-FA5E6A991B9A}"
EndProject
Project("{2150E333-8FDC-42A3-9474-1A3956D46DE8}") = "final", "final", "{B0D7E903-16FE-491D-8FDD-DE8D447D58E9}"
EndProject
Project("{9A19103F-16F7-4668-BE54-9A1E7A4F7556}") = "FinalProject", "final\FinalProject\FinalProject.csproj", "{731D232A-7739-4BE8-B730-4FAB36BBFFC8}"
EndProject
Project("{9A19103F-16F7-4668-BE54-9A1E7A4F7556}") = "Foundation1", "final\Foundation1\Foundation1.csproj", "{3D939847-46F4-4E5C-9A24-3BA4FB7A25EC}"
EndProject
Project("{9A19103F-16F7-4668-BE54-9A1E7A4F7556}") = "Foundation2", "final\Foundation2\Foundation2.csproj", "{8980987A-BEE6-4DFD-BBE5-4E345D7C4FD1}"
EndProject
Project("{9A19103F-16F7-4668-BE54-9A1E7A4F7556}") = "Foundation3", "final\Foundation3\Foundation3.csproj", "{F2AFC391-4846-4065-9CFE-8670F27EECB8}"
EndProject
Project("{9A19103F-16F7-4668-BE54-9A1E7A4F7556}") = "Foundation4", "final\Foundation4\Foundation4.csproj", "{7ABD983B-0C57-49DB-A97C-20E726573799}"
EndProject
Project("{2150E333-8FDC-42A3-9474-1A3956D46DE8}") = "prepare", "prepare", "{3A40E1E0-1599-4292-839F-4AE15FD94FA0}"
EndProject
Project("{9A19103F-16F7-4668-BE54-9A1E7A4F7556}") = "Learning02", "prepare\Learning02\Learning02.csproj", "{EC0123F2-EE9A-4A75-830D-53F28E1BC9FB}"
EndProject
Project("{9A19103F-16F7-4668-BE54-9A1E7A4F7556}") = "Learning03", "prepare\Learning03\Learning03.csproj", "{D67275A2-3CCD-47AD-992B-3B99C56681AD}"
EndProject
Project("{9A19103F-16F7-4668-BE54-9A1E7A4F7556}") = "Learning04", "prepare\Learning04\Learning04.csproj", "{2862404A-5BBD-49EA-B825-DE63D5E719AB}"
EndProject
Project("{9A19103F-16F7-4668-BE54-9A1E7A4F7556}") = "Learning05", "prepare\Learning05\Learning05.csproj", "{8F4E0D04-C995-41AF-95FC-5088AF641B30}"
EndProject
Project("{2150E333-8FDC-42A3-9474-1A3956D46DE8}") = "prove", "prove", "{4F28B03B-168F-4895-A536-37AAA57932A9}"
EndProject
Project("{9A19103F-16F7-4668-BE54-9A1E7A4F7556}") = "Develop02", "prove\Develop02\Develop02.csproj", "{D4F9F596-7719-440A-BC5F-70D3429A77AD}"
EndProject
Project("{9A19103F-16F7-4668-BE54-9A1E7A4F7556}") = "Develop03", "prove\Develop03\Develop03.csproj", "{44010BD7-F97D-4D6A-AFA7-7B3BACA3C763}"
EndProject
Project("{9A19103F-16F7-4668-BE54-9A1E7A4F7556}") = "Develop04", "prove\Develop04\Develop04.csproj", "{90673B84-CBF0-4936-A7F3-4E6C2FA5BCC4}"
EndProject
Project("{9A19103F-16F7-4668-BE54-9A1E7A4F7556}") = "Develop05", "prove\Develop05\Develop05.csproj", "{55C983F0-7DC7-48DE-8C49-04A86C86F9B9}"
EndProject
Project("{2150E333-8FDC-42A3-9474-1A3956D46DE8}") = "sandbox", "sandbox", "{5B31F5BF-FD18-4EA4-A7C9-7E5EB536A2AF}"
EndProject
Project("{9A19103F-16F7-4668-BE54-9A1E7A4F7556}") = "Sandbox", "sandbox\Sandbox\Sandbox.csproj", "{CE46CD8D-51EC-44DB-AF89-07428841E3C2}"
EndProject
Global
	GlobalSection(SolutionConfigurationPlatforms) = preSolution
		Debug|Any CPU = Debug|Any CPU
		Release|Any CPU = Release|Any CPU
	EndGlobalSection
	GlobalSection(ProjectConfigurationPlatforms) = postSolution
		{E0389D22-04D5-464E-B1B7-9E9B0EA6F552}.Debug|Any CPU.ActiveCfg = Debug|Any CPU
		{E0389D22-04D5-464E-B1B7-9E9B0EA6F552}.Debug|Any CPU.Build.0 = Debug|Any CPU
		{E0389D22-04D5-464E-B1B7-9E9B0EA6F552}.Release|Any CPU.ActiveCfg = Release|Any CPU
		{E0389D22-04D5-464E-B1B7-9E9B0EA6F552}.Release|Any CPU.Build.0 = Release|Any CPU
		{5709D59F-F237-43ED-823D-4121D64871B1}.Debug|Any CPU.ActiveCfg = Debug|Any CPU
		{5709D59F-F237-43ED-823D-4121D64871B1}.Debug|Any CPU.Build.0 = Debug|Any CPU
		{5709D59F-F237-43ED-823D-4121D64871B1}.Release|Any CPU.ActiveCfg = Release|Any CPU
		{5709D59F-F237-43ED-823D-4121D64871B1}.Release|Any CPU.Build.0 = Release|Any CPU
		{1E230A6A-A13E-4232-8483-CD44BBEFFBAC}.Debug|Any CPU.ActiveCfg = Debug|Any CPU
		{1E230A6A-A13E-4232-8483-CD44BBEFFBAC}.Debug|Any CPU.Build.0 = Debug|Any CPU
		{1E230A6A-A13E-4232-8483-CD44BBEFFBAC}.Release|Any CPU.ActiveCfg = Release|Any CPU
		{1E230A6A-A13E-4232-8483-CD44BBEFFBAC}.Release|Any CPU.Build.0 = Release|Any CPU
		{36C8046B-7644-462A-B2F5-73286B3EB429}.Debug|Any CPU.ActiveCfg = Debug|Any CPU
		{36C8046B-7644-462A-B2F5-73286B3EB429}.Debug|Any CPU.Build.0 = Debug|Any CPU
		{36C8046B-7644-462A-B2F5-73286B3EB429}.Release|Any CPU.ActiveCfg = Release|Any CPU
		{36C8046B-7644-462A-B2F5-73286B3EB429}.Release|Any CPU.Build.0 = Release|Any CPU
		{5FDAEFCF-4D49-4E52-AC31-FA5E6A991B9A}.Debug|Any CPU.ActiveCfg = Debug|Any CPU
		{5FDAEFCF-4D49-4E52-AC31-FA5E6A991B9A}.Debug|Any CPU.Build.0 = Debug|Any CPU
		{5FDAEFCF-4D49-4E52-AC31-FA5E6A991B9A}.Release|Any CPU.ActiveCfg = Release|Any CPU
		{5FDAEFCF-4D49-4E52-AC31-FA5E6A991B9A}.Release|Any CPU.Build.0 = Release|Any CPU
		{731D232A-7739-4BE8-B730-4FAB36BBFFC8}.Debug|Any CPU.ActiveCfg = Debug|Any CPU
		{731D232A-7739-4BE8-B730-4FAB36BBFFC8}.Debug|Any CPU.Build.0 = Debug|Any CPU
		{731D232A-7739-4BE8-B730-4FAB36BBFFC8}.Release|Any CPU.ActiveCfg = Release|Any CPU
		{731D232A-7739-4BE8-B730-4FAB36BBFFC8}.Release|Any CPU.Build.0 = Release|Any CPU
		{3D939847-46F4-4E5C-9A24-3BA4FB7A25EC}.Debug|Any CPU.ActiveCfg = Debug|Any CPU
		{3D939847-46F4-4E5C-9A24-3BA4FB7A25EC}.Debug|Any CPU.Build.0 = Debug|Any CPU
		{3D939847-46F4-4E5C-9A24-3BA4FB7A25EC}.Release|Any CPU.ActiveCfg = Release|Any CPU
		{3D939847-46F4-4E5C-9A24-3BA4FB7A25EC}.Release|Any CPU.Build.0 = Release|Any CPU
		{8980987A-BEE6-4DFD-BBE5-4E345D7C4FD1}.Debug|Any CPU.ActiveCfg = Debug|Any CPU
		{8980987A-BEE6-4DFD-BBE5-4E345D7C4FD1}.Debug|Any CPU.Build.0 = Debug|Any CPU
		{8980987A-BEE6-4DFD-BBE5-4E345D7C4FD1}.Release|Any CPU.ActiveCfg = Release|Any CPU
		{8980987A-BEE6-4DFD-BBE5-4E345D7C4FD1}.Release|Any CPU.Build.0 = Release|Any CPU
		{F2AFC391-4846-4065-9CFE-8670F27EECB8}.Debug|Any CPU.ActiveCfg = Debug|Any CPU
		{F2AFC391-4846-4065-9CFE-8670F27EECB8}.Debug|Any CPU.Build.0 = Debug|Any CPU
		{F2AFC391-4846-4065-9CFE-8670F27EECB8}.Release|Any CPU.ActiveCfg = Release|Any CPU
		{F2AFC391-4846-4065-9CFE-8670F27EECB8}.Release|Any CPU.Build.0 = Release|Any CPU
		{7ABD983B-0C57-49DB-A97C-20E726573799}.Debug|Any CPU.ActiveCfg = Debug|Any CPU
		{7ABD983B-0C57-49DB-A97C-20E726573799}.Debug|Any CPU.Build.0 = Debug|Any CPU
		{7ABD983B-0C57-49DB-A97C-20E726573799}.Release|Any CPU.ActiveCfg = Release|Any CPU
		{7ABD983B-0C57-49DB-A97C-20E726573799}.Release|Any CPU.Build.0 = Release|Any CPU
		{EC0123F2-EE9A-4A75-830D-53F28E1BC9FB}.Debug|Any CPU.ActiveCfg = Debug|Any CPU
		{EC0123F2-EE9A-4A75-830D-53F28E1BC9FB}.Debug|Any CPU.Build.0 = Debug|Any CPU
		{EC0123F2-EE9A-4A75-830D-53F28E1BC9FB}.Release|Any CPU.ActiveCfg = Release|Any CPU
		{EC0123F2-EE9A-4A75-830D-53F28E1BC9FB}.Release|Any CPU.Build.0 = Release|Any CPU
		{D67275A2-3CCD-47AD-992B-3B99C56681AD}.Debug|Any CPU.ActiveCfg = Debug|Any CPU
		{D67275A2-3CCD-47AD-992B-3B99C56681AD}.Debug|Any CPU.Build.0 = Debug|Any CPU
		{D67275A2-3CCD-47AD-992B-3B99C56681AD}.Release|Any CPU.ActiveCfg = Release|Any CPU
		{D67275A2-3CCD-47AD-992B-3B99C56681AD}.Release|Any CPU.Build.0 = Release|Any CPU
		{2862404A-5BBD-49EA-B825-DE63D5E719AB}.Debug|Any CPU.ActiveCfg = Debug|Any CPU
		{2862404A-5BBD-49EA-B825-DE63D5E719AB}.Debug|Any CPU.Build.0 = Debug|Any CPU
		{2862404A-5BBD-49EA-B825-DE63D5E719AB}.Release|Any CPU.ActiveCfg = Release|Any CPU
		{2862404A-5BBD-49EA-B825-DE63D5E719AB}.Release|Any CPU.Build.0 = Release|Any CPU
		{8F4E0D04-C995-41AF-95FC-5088AF641B30}.Debug|Any CPU.ActiveCfg = Debug|Any CPU
		{8F4E0D04-C995-41AF-95FC-5088AF641B30}.Debug|Any CPU.Build.0 = Debug|Any CPU
		{8F4E0D04-C995-41AF-95FC-5088AF641B30}.Release|Any CPU.ActiveCfg = Release|Any CPU
		{8F4E0D04-C995-41AF-95FC-5088AF641B30}.Release|Any CPU.Build.0 = Release|Any CPU
		{D4F9F596-7719-440A-BC5F-70D3429A77AD}.Debug|Any CPU.ActiveCfg = Debug|Any CPU
		{D4F9F596-7719-440A-BC5F-70D3429A77AD}.Debug|Any CPU.Build.0 = Debug|Any CPU
		{D4F9F596-7719-440A-BC5F-70D3429A77AD}.Release|Any CPU.ActiveCfg = Release|Any CPU
		{D4F9F596-7719-440A-BC5F-70D3429A77AD}.Release|Any CPU.Build.0 = Release|Any CPU
		{44010BD7-F97D-4D6A-AFA7-7B3BACA3C763}.Debug|Any CPU.ActiveCfg = Debug|Any CPU
		{44010BD7-F97D-4D6A-AFA7-7B3BACA3C763}.Debug|Any CPU.Build.0 = Debug|Any CPU
		{44010BD7-F97D-4D6A-AFA7-7B3BACA3C763}.Release|Any CPU.ActiveCfg = Release|Any CPU
		{44010BD7-F97D-4D6A-AFA7-7B3BACA3C763}.Release|Any CPU.Build.0 = Release|Any CPU
		{90673B84-CBF0-4936-A7F3-4E6C2FA5BCC4}.Debug|Any CPU.ActiveCfg = Debug|Any CPU
		{90673B84-CBF0-4936-A7F3-4E6C2FA5BCC4}.Debug|Any CPU.Build.0 = Debug|Any CPU
		{90673B84-CBF0-4936-A7F3-4E6C2FA5BCC4}.Release|Any CPU.ActiveCfg = Release|Any CPU
		{90673B84-CBF0-4936-A7F3-4E6C2FA5BCC4}.Release|Any CPU.Build.0 = Release|Any CPU
		{55C983F0-7DC7-48DE-8C49-04A86C86F9B9}.Debug|Any CPU.ActiveCfg = Debug|Any CPU
		{55C983F0-7DC7-48DE-8C49-04A86C86F9B9}.Debug|Any CPU.Build.0 = Debug|Any CPU
		{55C983F0-7DC7-48DE-8C49-04A86C86F9B9}.Release|Any CPU.ActiveCfg = Release|Any CPU
		{55C983F0-7DC7-48DE-8C49-04A86C86F9B9}.Release|Any CPU.Build.0 = Release|Any CPU
		{CE46CD8D-51EC-44DB-AF89-07428841E3C2}.Debug|Any CPU.ActiveCfg = Debug|Any CPU
		{CE46CD8D-51EC-44DB-AF89-07428841E3C2}.Debug|Any CPU.Build.0 = Debug|Any CPU
		{CE46CD8D-51EC-44DB-AF89-07428841E3C2}.Release|Any CPU.ActiveCfg = Release|Any CPU
		{CE46CD8D-51EC-44DB-AF89-07428841E3C2}.Release|Any CPU.Build.0 = Release|Any CPU
	EndGlobalSection
	GlobalSection(SolutionProperties) = preSolution
		HideSolutionNode = FALSE
	EndGlobalSection
	GlobalSection(NestedProjects) = preSolution
		{E0389D22-04D5-464E-B1B7-9E9B0EA6F552} = {C4FAF0ED-D4D4-4D75-B76C-6378417DAFE0}
		{5709D59F-F237-43ED-823D-4121D64871B1} = {C4FAF0ED-D4D4-4D75-B76C-6378417DAFE0}
		{1E230A6A-A13E-4232-8483-CD44BBEFFBAC} = {C4FAF0ED-D4D4-4D75-B76C-6378417DAFE0}
		{36C8046B-7644-462A-B2F5-73286B3EB429} = {C4FAF0ED-D4D4-4D75-B76C-6378417DAFE0}
		{5FDAEFCF-4D49-4E52-AC31-FA5E6A991B9A} = {C4FAF0ED-D4D4-4D75-B76C-6378417DAFE0}
		{731D232A-7739-4BE8-B730-4FAB36BBFFC8} = {B0D7E903-16FE-491D-8FDD-DE8D447D58E9}
		{3D939847-46F4-4E5C-9A24-3BA4FB7A25EC} = {B0D7E903-16FE-491D-8FDD-DE8D447D58E9}
		{8980987A-BEE6-4DFD-BBE5-4E345D7C4FD1} = {B0D7E903-16FE-491D-8FDD-DE8D447D58E9}
		{F2AFC391-4846-4065-9CFE-8670F27EECB8} = {B0D7E903-16FE-491D-8FDD-DE8D447D58E9}
		{7ABD983B-0C57-49DB-A97C-20E726573799} = {B0D7E903-16FE-491D-8FDD-DE8D447D58E9}
		{EC0123F2-EE9A-4A75-830D-53F28E1BC9FB} = {3A40E1E0-1599-4292-839F-4AE15FD94FA0}
		{D67275A2-3CCD-47AD-992B-3B99C56681AD} = {3A40E1E0-1599-4292-839F-4AE15FD94FA0}
		{2862404A-5BBD-49EA-B825-DE63D5E719AB} = {3A40E1E0-1599-4292-839F-4AE15FD94FA0}
		{8F4E0D04-C995-41AF-95FC-5088AF641B30} = {3A40E1E0-1599-4292-839F-4AE15FD94FA0}
		{D4F9F596-7719-440A-BC5F-70D3429A77AD} = {4F28B03B-168F-4895-A536-37AAA57932A9}
		{44010BD7-F97D-4D6A-AFA7-7B3BACA3C763} = {4F28B03B-168F-4895-A536-37AAA57932A9}
		{90673B84-CBF0-4936-A7F3-4E6C2FA5BCC4} = {4F28B03B-168F-4895-A536-37AAA57932A9}
		{55C983F0-7DC7-48DE-8C49-04A86C86F9B9} = {4F28B03B-168F-4895-A536-37AAA57932A9}
		{CE46CD8D-51EC-44DB-AF89-07428841E3C2} = {5B31F5BF-FD18-4EA4-A7C9-7E5EB536A2AF}
	EndGlobalSection
	GlobalSection(ExtensibilityGlobals) = postSolution
		SolutionGuid = {1033123B-4F7D-4A10-BABB-08C22A126076}
	EndGlobalSection
EndGlobal
